
Microsoft Visual Studio Solution File, Format Version 12.00
# Visual Studio Version 16
VisualStudioVersion = 16.0.29905.134
MinimumVisualStudioVersion = 10.0.40219.1
Project("{9A19103F-16F7-4668-BE54-9A1E7A4F7556}") = "Marsexplorer", "Marsexplorer.csproj", "{6918AB68-D7D7-485C-A8E6-4FFC444CC4DF}"
EndProject
Project("{9A19103F-16F7-4668-BE54-9A1E7A4F7556}") = "Marsexplorer.Test", "Marsexplorer.Test\Marsexplorer.Test.csproj", "{AD811EC9-FA97-452A-91E2-86D77DEDFCAF}"
EndProject
Global
	GlobalSection(SolutionConfigurationPlatforms) = preSolution
		Debug|Any CPU = Debug|Any CPU
		Release|Any CPU = Release|Any CPU
	EndGlobalSection
	GlobalSection(ProjectConfigurationPlatforms) = postSolution
		{6918AB68-D7D7-485C-A8E6-4FFC444CC4DF}.Debug|Any CPU.ActiveCfg = Debug|Any CPU
		{6918AB68-D7D7-485C-A8E6-4FFC444CC4DF}.Debug|Any CPU.Build.0 = Debug|Any CPU
		{6918AB68-D7D7-485C-A8E6-4FFC444CC4DF}.Release|Any CPU.ActiveCfg = Release|Any CPU
		{6918AB68-D7D7-485C-A8E6-4FFC444CC4DF}.Release|Any CPU.Build.0 = Release|Any CPU
		{AD811EC9-FA97-452A-91E2-86D77DEDFCAF}.Debug|Any CPU.ActiveCfg = Debug|Any CPU
		{AD811EC9-FA97-452A-91E2-86D77DEDFCAF}.Debug|Any CPU.Build.0 = Debug|Any CPU
		{AD811EC9-FA97-452A-91E2-86D77DEDFCAF}.Release|Any CPU.ActiveCfg = Release|Any CPU
		{AD811EC9-FA97-452A-91E2-86D77DEDFCAF}.Release|Any CPU.Build.0 = Release|Any CPU
	EndGlobalSection
	GlobalSection(SolutionProperties) = preSolution
		HideSolutionNode = FALSE
	EndGlobalSection
	GlobalSection(ExtensibilityGlobals) = postSolution
		SolutionGuid = {DFD7CAF7-D431-45B5-991B-7FD35E6DCA53}
	EndGlobalSection
EndGlobal
